
Microsoft Visual Studio Solution File, Format Version 12.00
# Visual Studio 15
VisualStudioVersion = 15.0.27428.2043
MinimumVisualStudioVersion = 10.0.40219.1
Project("{FAE04EC0-301F-11D3-BF4B-00C04F79EFBC}") = "ContactSystem", "ContactSystem\ContactSystem.csproj", "{94B8742D-245F-41C8-B097-54D80D4BC10B}"
EndProject
Project("{FAE04EC0-301F-11D3-BF4B-00C04F79EFBC}") = "DataContract", "DataContract\DataContract.csproj", "{E1F28161-2D47-441D-A595-8DDA20B081A2}"
EndProject
Global
	GlobalSection(SolutionConfigurationPlatforms) = preSolution
		Debug|Any CPU = Debug|Any CPU
		Release|Any CPU = Release|Any CPU
	EndGlobalSection
	GlobalSection(ProjectConfigurationPlatforms) = postSolution
		{94B8742D-245F-41C8-B097-54D80D4BC10B}.Debug|Any CPU.ActiveCfg = Debug|Any CPU
		{94B8742D-245F-41C8-B097-54D80D4BC10B}.Debug|Any CPU.Build.0 = Debug|Any CPU
		{94B8742D-245F-41C8-B097-54D80D4BC10B}.Release|Any CPU.ActiveCfg = Release|Any CPU
		{94B8742D-245F-41C8-B097-54D80D4BC10B}.Release|Any CPU.Build.0 = Release|Any CPU
		{E1F28161-2D47-441D-A595-8DDA20B081A2}.Debug|Any CPU.ActiveCfg = Debug|Any CPU
		{E1F28161-2D47-441D-A595-8DDA20B081A2}.Debug|Any CPU.Build.0 = Debug|Any CPU
		{E1F28161-2D47-441D-A595-8DDA20B081A2}.Release|Any CPU.ActiveCfg = Release|Any CPU
		{E1F28161-2D47-441D-A595-8DDA20B081A2}.Release|Any CPU.Build.0 = Release|Any CPU
	EndGlobalSection
	GlobalSection(SolutionProperties) = preSolution
		HideSolutionNode = FALSE
	EndGlobalSection
	GlobalSection(ExtensibilityGlobals) = postSolution
		SolutionGuid = {E098D393-62BD-4139-B24C-17EDDF25C01D}
	EndGlobalSection
EndGlobal
